// !$*UTF8*$!
{
	archiveVersion = 1;
	classes = {
	};
	objectVersion = 56;
	objects = {

/* Begin PBXBuildFile section */
		975797E52979CC7100A1B225 /* AppDelegate.swift in Sources */ = {isa = PBXBuildFile; fileRef = 975797E42979CC7100A1B225 /* AppDelegate.swift */; };
		975797E72979CC7100A1B225 /* SceneDelegate.swift in Sources */ = {isa = PBXBuildFile; fileRef = 975797E62979CC7100A1B225 /* SceneDelegate.swift */; };
		975797E92979CC7100A1B225 /* VerificationViewController.swift in Sources */ = {isa = PBXBuildFile; fileRef = 975797E82979CC7100A1B225 /* VerificationViewController.swift */; };
		975797EE2979CC7200A1B225 /* Assets.xcassets in Resources */ = {isa = PBXBuildFile; fileRef = 975797ED2979CC7200A1B225 /* Assets.xcassets */; };
		975797F12979CC7200A1B225 /* LaunchScreen.storyboard in Resources */ = {isa = PBXBuildFile; fileRef = 975797EF2979CC7200A1B225 /* LaunchScreen.storyboard */; };
		975797FE2979D2AA00A1B225 /* StatusLabel.swift in Sources */ = {isa = PBXBuildFile; fileRef = 975797FD2979D2AA00A1B225 /* StatusLabel.swift */; };
		975798032979D6A600A1B225 /* UIstackView + Extensions.swift in Sources */ = {isa = PBXBuildFile; fileRef = 975798022979D6A600A1B225 /* UIstackView + Extensions.swift */; };
		975798052979D84000A1B225 /* MailTextField.swift in Sources */ = {isa = PBXBuildFile; fileRef = 975798042979D84000A1B225 /* MailTextField.swift */; };
		975798072979DAE000A1B225 /* VerificationButton.swift in Sources */ = {isa = PBXBuildFile; fileRef = 975798062979DAE000A1B225 /* VerificationButton.swift */; };
		975798092979DCEF00A1B225 /* MailsCollectionView.swift in Sources */ = {isa = PBXBuildFile; fileRef = 975798082979DCEF00A1B225 /* MailsCollectionView.swift */; };
		9757980C2979DE8200A1B225 /* MailCollectionViewCell.swift in Sources */ = {isa = PBXBuildFile; fileRef = 9757980B2979DE8200A1B225 /* MailCollectionViewCell.swift */; };
/* End PBXBuildFile section */

/* Begin PBXFileReference section */
		975797E12979CC7100A1B225 /* MailTestTask.app */ = {isa = PBXFileReference; explicitFileType = wrapper.application; includeInIndex = 0; path = MailTestTask.app; sourceTree = BUILT_PRODUCTS_DIR; };
		975797E42979CC7100A1B225 /* AppDelegate.swift */ = {isa = PBXFileReference; lastKnownFileType = sourcecode.swift; path = AppDelegate.swift; sourceTree = "<group>"; };
		975797E62979CC7100A1B225 /* SceneDelegate.swift */ = {isa = PBXFileReference; lastKnownFileType = sourcecode.swift; path = SceneDelegate.swift; sourceTree = "<group>"; };
		975797E82979CC7100A1B225 /* VerificationViewController.swift */ = {isa = PBXFileReference; lastKnownFileType = sourcecode.swift; path = VerificationViewController.swift; sourceTree = "<group>"; };
		975797ED2979CC7200A1B225 /* Assets.xcassets */ = {isa = PBXFileReference; lastKnownFileType = folder.assetcatalog; path = Assets.xcassets; sourceTree = "<group>"; };
		975797F02979CC7200A1B225 /* Base */ = {isa = PBXFileReference; lastKnownFileType = file.storyboard; name = Base; path = Base.lproj/LaunchScreen.storyboard; sourceTree = "<group>"; };
		975797F22979CC7200A1B225 /* Info.plist */ = {isa = PBXFileReference; lastKnownFileType = text.plist.xml; path = Info.plist; sourceTree = "<group>"; };
		975797FD2979D2AA00A1B225 /* StatusLabel.swift */ = {isa = PBXFileReference; lastKnownFileType = sourcecode.swift; path = StatusLabel.swift; sourceTree = "<group>"; };
		975798022979D6A600A1B225 /* UIstackView + Extensions.swift */ = {isa = PBXFileReference; lastKnownFileType = sourcecode.swift; path = "UIstackView + Extensions.swift"; sourceTree = "<group>"; };
		975798042979D84000A1B225 /* MailTextField.swift */ = {isa = PBXFileReference; lastKnownFileType = sourcecode.swift; path = MailTextField.swift; sourceTree = "<group>"; };
		975798062979DAE000A1B225 /* VerificationButton.swift */ = {isa = PBXFileReference; lastKnownFileType = sourcecode.swift; path = VerificationButton.swift; sourceTree = "<group>"; };
		975798082979DCEF00A1B225 /* MailsCollectionView.swift */ = {isa = PBXFileReference; lastKnownFileType = sourcecode.swift; path = MailsCollectionView.swift; sourceTree = "<group>"; };
		9757980B2979DE8200A1B225 /* MailCollectionViewCell.swift */ = {isa = PBXFileReference; lastKnownFileType = sourcecode.swift; path = MailCollectionViewCell.swift; sourceTree = "<group>"; };
/* End PBXFileReference section */

/* Begin PBXFrameworksBuildPhase section */
		975797DE2979CC7100A1B225 /* Frameworks */ = {
			isa = PBXFrameworksBuildPhase;
			buildActionMask = 2147483647;
			files = (
			);
			runOnlyForDeploymentPostprocessing = 0;
		};
/* End PBXFrameworksBuildPhase section */

/* Begin PBXGroup section */
		975797D82979CC7100A1B225 = {
			isa = PBXGroup;
			children = (
				975797E32979CC7100A1B225 /* MailTestTask */,
				975797E22979CC7100A1B225 /* Products */,
			);
			sourceTree = "<group>";
		};
		975797E22979CC7100A1B225 /* Products */ = {
			isa = PBXGroup;
			children = (
				975797E12979CC7100A1B225 /* MailTestTask.app */,
			);
			name = Products;
			sourceTree = "<group>";
		};
		975797E32979CC7100A1B225 /* MailTestTask */ = {
			isa = PBXGroup;
			children = (
				975797F82979CD5200A1B225 /* Application */,
				975797F92979CD6700A1B225 /* Models */,
				975797FB2979CD7900A1B225 /* Views */,
				975797FA2979CD6E00A1B225 /* Controllers */,
				975798002979D63000A1B225 /* Extensions */,
				975797FC2979CDC300A1B225 /* Resources */,
			);
			path = MailTestTask;
			sourceTree = "<group>";
		};
		975797F82979CD5200A1B225 /* Application */ = {
			isa = PBXGroup;
			children = (
				975797E42979CC7100A1B225 /* AppDelegate.swift */,
				975797E62979CC7100A1B225 /* SceneDelegate.swift */,
			);
			path = Application;
			sourceTree = "<group>";
		};
		975797F92979CD6700A1B225 /* Models */ = {
			isa = PBXGroup;
			children = (
			);
			path = Models;
			sourceTree = "<group>";
		};
		975797FA2979CD6E00A1B225 /* Controllers */ = {
			isa = PBXGroup;
			children = (
				975797E82979CC7100A1B225 /* VerificationViewController.swift */,
			);
			path = Controllers;
			sourceTree = "<group>";
		};
		975797FB2979CD7900A1B225 /* Views */ = {
			isa = PBXGroup;
			children = (
				9757980A2979DE6000A1B225 /* Cells */,
				9757980E2979E0D500A1B225 /* VerificationVC */,
			);
			path = Views;
			sourceTree = "<group>";
		};
		975797FC2979CDC300A1B225 /* Resources */ = {
			isa = PBXGroup;
			children = (
				975797ED2979CC7200A1B225 /* Assets.xcassets */,
				975797EF2979CC7200A1B225 /* LaunchScreen.storyboard */,
				975797F22979CC7200A1B225 /* Info.plist */,
			);
			path = Resources;
			sourceTree = "<group>";
		};
		975798002979D63000A1B225 /* Extensions */ = {
			isa = PBXGroup;
			children = (
				975798012979D67100A1B225 /* UIKit */,
			);
			path = Extensions;
			sourceTree = "<group>";
		};
		975798012979D67100A1B225 /* UIKit */ = {
			isa = PBXGroup;
			children = (
				975798022979D6A600A1B225 /* UIstackView + Extensions.swift */,
			);
			path = UIKit;
			sourceTree = "<group>";
		};
		9757980A2979DE6000A1B225 /* Cells */ = {
			isa = PBXGroup;
			children = (
				9757980B2979DE8200A1B225 /* MailCollectionViewCell.swift */,
			);
			path = Cells;
			sourceTree = "<group>";
		};
		9757980E2979E0D500A1B225 /* VerificationVC */ = {
			isa = PBXGroup;
			children = (
				975797FD2979D2AA00A1B225 /* StatusLabel.swift */,
				975798042979D84000A1B225 /* MailTextField.swift */,
				975798062979DAE000A1B225 /* VerificationButton.swift */,
				975798082979DCEF00A1B225 /* MailsCollectionView.swift */,
			);
			path = VerificationVC;
			sourceTree = "<group>";
		};
/* End PBXGroup section */

/* Begin PBXNativeTarget section */
		975797E02979CC7100A1B225 /* MailTestTask */ = {
			isa = PBXNativeTarget;
			buildConfigurationList = 975797F52979CC7200A1B225 /* Build configuration list for PBXNativeTarget "MailTestTask" */;
			buildPhases = (
				975797DD2979CC7100A1B225 /* Sources */,
				975797DE2979CC7100A1B225 /* Frameworks */,
				975797DF2979CC7100A1B225 /* Resources */,
			);
			buildRules = (
			);
			dependencies = (
			);
			name = MailTestTask;
			productName = MailTestTask;
			productReference = 975797E12979CC7100A1B225 /* MailTestTask.app */;
			productType = "com.apple.product-type.application";
		};
/* End PBXNativeTarget section */

/* Begin PBXProject section */
		975797D92979CC7100A1B225 /* Project object */ = {
			isa = PBXProject;
			attributes = {
				BuildIndependentTargetsInParallel = 1;
				LastSwiftUpdateCheck = 1410;
				LastUpgradeCheck = 1410;
				TargetAttributes = {
					975797E02979CC7100A1B225 = {
						CreatedOnToolsVersion = 14.1;
					};
				};
			};
			buildConfigurationList = 975797DC2979CC7100A1B225 /* Build configuration list for PBXProject "MailTestTask" */;
			compatibilityVersion = "Xcode 14.0";
			developmentRegion = en;
			hasScannedForEncodings = 0;
			knownRegions = (
				en,
				Base,
			);
			mainGroup = 975797D82979CC7100A1B225;
			productRefGroup = 975797E22979CC7100A1B225 /* Products */;
			projectDirPath = "";
			projectRoot = "";
			targets = (
				975797E02979CC7100A1B225 /* MailTestTask */,
			);
		};
/* End PBXProject section */

/* Begin PBXResourcesBuildPhase section */
		975797DF2979CC7100A1B225 /* Resources */ = {
			isa = PBXResourcesBuildPhase;
			buildActionMask = 2147483647;
			files = (
				975797F12979CC7200A1B225 /* LaunchScreen.storyboard in Resources */,
				975797EE2979CC7200A1B225 /* Assets.xcassets in Resources */,
			);
			runOnlyForDeploymentPostprocessing = 0;
		};
/* End PBXResourcesBuildPhase section */

/* Begin PBXSourcesBuildPhase section */
		975797DD2979CC7100A1B225 /* Sources */ = {
			isa = PBXSourcesBuildPhase;
			buildActionMask = 2147483647;
			files = (
				975797FE2979D2AA00A1B225 /* StatusLabel.swift in Sources */,
				9757980C2979DE8200A1B225 /* MailCollectionViewCell.swift in Sources */,
				975798092979DCEF00A1B225 /* MailsCollectionView.swift in Sources */,
				975798072979DAE000A1B225 /* VerificationButton.swift in Sources */,
				975798032979D6A600A1B225 /* UIstackView + Extensions.swift in Sources */,
				975798052979D84000A1B225 /* MailTextField.swift in Sources */,
				975797E92979CC7100A1B225 /* VerificationViewController.swift in Sources */,
				975797E52979CC7100A1B225 /* AppDelegate.swift in Sources */,
				975797E72979CC7100A1B225 /* SceneDelegate.swift in Sources */,
			);
			runOnlyForDeploymentPostprocessing = 0;
		};
/* End PBXSourcesBuildPhase section */

/* Begin PBXVariantGroup section */
		975797EF2979CC7200A1B225 /* LaunchScreen.storyboard */ = {
			isa = PBXVariantGroup;
			children = (
				975797F02979CC7200A1B225 /* Base */,
			);
			name = LaunchScreen.storyboard;
			sourceTree = "<group>";
		};
/* End PBXVariantGroup section */

/* Begin XCBuildConfiguration section */
		975797F32979CC7200A1B225 /* Debug */ = {
			isa = XCBuildConfiguration;
			buildSettings = {
				ALWAYS_SEARCH_USER_PATHS = NO;
				CLANG_ANALYZER_NONNULL = YES;
				CLANG_ANALYZER_NUMBER_OBJECT_CONVERSION = YES_AGGRESSIVE;
				CLANG_CXX_LANGUAGE_STANDARD = "gnu++20";
				CLANG_ENABLE_MODULES = YES;
				CLANG_ENABLE_OBJC_ARC = YES;
				CLANG_ENABLE_OBJC_WEAK = YES;
				CLANG_WARN_BLOCK_CAPTURE_AUTORELEASING = YES;
				CLANG_WARN_BOOL_CONVERSION = YES;
				CLANG_WARN_COMMA = YES;
				CLANG_WARN_CONSTANT_CONVERSION = YES;
				CLANG_WARN_DEPRECATED_OBJC_IMPLEMENTATIONS = YES;
				CLANG_WARN_DIRECT_OBJC_ISA_USAGE = YES_ERROR;
				CLANG_WARN_DOCUMENTATION_COMMENTS = YES;
				CLANG_WARN_EMPTY_BODY = YES;
				CLANG_WARN_ENUM_CONVERSION = YES;
				CLANG_WARN_INFINITE_RECURSION = YES;
				CLANG_WARN_INT_CONVERSION = YES;
				CLANG_WARN_NON_LITERAL_NULL_CONVERSION = YES;
				CLANG_WARN_OBJC_IMPLICIT_RETAIN_SELF = YES;
				CLANG_WARN_OBJC_LITERAL_CONVERSION = YES;
				CLANG_WARN_OBJC_ROOT_CLASS = YES_ERROR;
				CLANG_WARN_QUOTED_INCLUDE_IN_FRAMEWORK_HEADER = YES;
				CLANG_WARN_RANGE_LOOP_ANALYSIS = YES;
				CLANG_WARN_STRICT_PROTOTYPES = YES;
				CLANG_WARN_SUSPICIOUS_MOVE = YES;
				CLANG_WARN_UNGUARDED_AVAILABILITY = YES_AGGRESSIVE;
				CLANG_WARN_UNREACHABLE_CODE = YES;
				CLANG_WARN__DUPLICATE_METHOD_MATCH = YES;
				COPY_PHASE_STRIP = NO;
				DEBUG_INFORMATION_FORMAT = dwarf;
				ENABLE_STRICT_OBJC_MSGSEND = YES;
				ENABLE_TESTABILITY = YES;
				GCC_C_LANGUAGE_STANDARD = gnu11;
				GCC_DYNAMIC_NO_PIC = NO;
				GCC_NO_COMMON_BLOCKS = YES;
				GCC_OPTIMIZATION_LEVEL = 0;
				GCC_PREPROCESSOR_DEFINITIONS = (
					"DEBUG=1",
					"$(inherited)",
				);
				GCC_WARN_64_TO_32_BIT_CONVERSION = YES;
				GCC_WARN_ABOUT_RETURN_TYPE = YES_ERROR;
				GCC_WARN_UNDECLARED_SELECTOR = YES;
				GCC_WARN_UNINITIALIZED_AUTOS = YES_AGGRESSIVE;
				GCC_WARN_UNUSED_FUNCTION = YES;
				GCC_WARN_UNUSED_VARIABLE = YES;
				IPHONEOS_DEPLOYMENT_TARGET = 16.1;
				MTL_ENABLE_DEBUG_INFO = INCLUDE_SOURCE;
				MTL_FAST_MATH = YES;
				ONLY_ACTIVE_ARCH = YES;
				SDKROOT = iphoneos;
				SWIFT_ACTIVE_COMPILATION_CONDITIONS = DEBUG;
				SWIFT_OPTIMIZATION_LEVEL = "-Onone";
			};
			name = Debug;
		};
		975797F42979CC7200A1B225 /* Release */ = {
			isa = XCBuildConfiguration;
			buildSettings = {
				ALWAYS_SEARCH_USER_PATHS = NO;
				CLANG_ANALYZER_NONNULL = YES;
				CLANG_ANALYZER_NUMBER_OBJECT_CONVERSION = YES_AGGRESSIVE;
				CLANG_CXX_LANGUAGE_STANDARD = "gnu++20";
				CLANG_ENABLE_MODULES = YES;
				CLANG_ENABLE_OBJC_ARC = YES;
				CLANG_ENABLE_OBJC_WEAK = YES;
				CLANG_WARN_BLOCK_CAPTURE_AUTORELEASING = YES;
				CLANG_WARN_BOOL_CONVERSION = YES;
				CLANG_WARN_COMMA = YES;
				CLANG_WARN_CONSTANT_CONVERSION = YES;
				CLANG_WARN_DEPRECATED_OBJC_IMPLEMENTATIONS = YES;
				CLANG_WARN_DIRECT_OBJC_ISA_USAGE = YES_ERROR;
				CLANG_WARN_DOCUMENTATION_COMMENTS = YES;
				CLANG_WARN_EMPTY_BODY = YES;
				CLANG_WARN_ENUM_CONVERSION = YES;
				CLANG_WARN_INFINITE_RECURSION = YES;
				CLANG_WARN_INT_CONVERSION = YES;
				CLANG_WARN_NON_LITERAL_NULL_CONVERSION = YES;
				CLANG_WARN_OBJC_IMPLICIT_RETAIN_SELF = YES;
				CLANG_WARN_OBJC_LITERAL_CONVERSION = YES;
				CLANG_WARN_OBJC_ROOT_CLASS = YES_ERROR;
				CLANG_WARN_QUOTED_INCLUDE_IN_FRAMEWORK_HEADER = YES;
				CLANG_WARN_RANGE_LOOP_ANALYSIS = YES;
				CLANG_WARN_STRICT_PROTOTYPES = YES;
				CLANG_WARN_SUSPICIOUS_MOVE = YES;
				CLANG_WARN_UNGUARDED_AVAILABILITY = YES_AGGRESSIVE;
				CLANG_WARN_UNREACHABLE_CODE = YES;
				CLANG_WARN__DUPLICATE_METHOD_MATCH = YES;
				COPY_PHASE_STRIP = NO;
				DEBUG_INFORMATION_FORMAT = "dwarf-with-dsym";
				ENABLE_NS_ASSERTIONS = NO;
				ENABLE_STRICT_OBJC_MSGSEND = YES;
				GCC_C_LANGUAGE_STANDARD = gnu11;
				GCC_NO_COMMON_BLOCKS = YES;
				GCC_WARN_64_TO_32_BIT_CONVERSION = YES;
				GCC_WARN_ABOUT_RETURN_TYPE = YES_ERROR;
				GCC_WARN_UNDECLARED_SELECTOR = YES;
				GCC_WARN_UNINITIALIZED_AUTOS = YES_AGGRESSIVE;
				GCC_WARN_UNUSED_FUNCTION = YES;
				GCC_WARN_UNUSED_VARIABLE = YES;
				IPHONEOS_DEPLOYMENT_TARGET = 16.1;
				MTL_ENABLE_DEBUG_INFO = NO;
				MTL_FAST_MATH = YES;
				SDKROOT = iphoneos;
				SWIFT_COMPILATION_MODE = wholemodule;
				SWIFT_OPTIMIZATION_LEVEL = "-O";
				VALIDATE_PRODUCT = YES;
			};
			name = Release;
		};
		975797F62979CC7200A1B225 /* Debug */ = {
			isa = XCBuildConfiguration;
			buildSettings = {
				ASSETCATALOG_COMPILER_APPICON_NAME = AppIcon;
				ASSETCATALOG_COMPILER_GLOBAL_ACCENT_COLOR_NAME = AccentColor;
				CODE_SIGN_STYLE = Automatic;
				CURRENT_PROJECT_VERSION = 1;
				DEVELOPMENT_TEAM = N4UDWY43TV;
				GENERATE_INFOPLIST_FILE = YES;
				INFOPLIST_FILE = MailTestTask/Resources/Info.plist;
				INFOPLIST_KEY_UIApplicationSupportsIndirectInputEvents = YES;
				INFOPLIST_KEY_UILaunchStoryboardName = LaunchScreen;
				INFOPLIST_KEY_UISupportedInterfaceOrientations_iPad = "UIInterfaceOrientationPortrait UIInterfaceOrientationPortraitUpsideDown UIInterfaceOrientationLandscapeLeft UIInterfaceOrientationLandscapeRight";
				INFOPLIST_KEY_UISupportedInterfaceOrientations_iPhone = "UIInterfaceOrientationPortrait UIInterfaceOrientationLandscapeLeft UIInterfaceOrientationLandscapeRight";
				LD_RUNPATH_SEARCH_PATHS = (
					"$(inherited)",
					"@executable_path/Frameworks",
				);
				MARKETING_VERSION = 1.0;
				PRODUCT_BUNDLE_IDENTIFIER = com.markmikh.MailTestTask;
				PRODUCT_NAME = "$(TARGET_NAME)";
				SWIFT_EMIT_LOC_STRINGS = YES;
				SWIFT_VERSION = 5.0;
				TARGETED_DEVICE_FAMILY = "1,2";
			};
			name = Debug;
		};
		975797F72979CC7200A1B225 /* Release */ = {
			isa = XCBuildConfiguration;
			buildSettings = {
				ASSETCATALOG_COMPILER_APPICON_NAME = AppIcon;
				ASSETCATALOG_COMPILER_GLOBAL_ACCENT_COLOR_NAME = AccentColor;
				CODE_SIGN_STYLE = Automatic;
				CURRENT_PROJECT_VERSION = 1;
				DEVELOPMENT_TEAM = N4UDWY43TV;
				GENERATE_INFOPLIST_FILE = YES;
				INFOPLIST_FILE = MailTestTask/Resources/Info.plist;
				INFOPLIST_KEY_UIApplicationSupportsIndirectInputEvents = YES;
				INFOPLIST_KEY_UILaunchStoryboardName = LaunchScreen;
				INFOPLIST_KEY_UISupportedInterfaceOrientations_iPad = "UIInterfaceOrientationPortrait UIInterfaceOrientationPortraitUpsideDown UIInterfaceOrientationLandscapeLeft UIInterfaceOrientationLandscapeRight";
				INFOPLIST_KEY_UISupportedInterfaceOrientations_iPhone = "UIInterfaceOrientationPortrait UIInterfaceOrientationLandscapeLeft UIInterfaceOrientationLandscapeRight";
				LD_RUNPATH_SEARCH_PATHS = (
					"$(inherited)",
					"@executable_path/Frameworks",
				);
				MARKETING_VERSION = 1.0;
				PRODUCT_BUNDLE_IDENTIFIER = com.markmikh.MailTestTask;
				PRODUCT_NAME = "$(TARGET_NAME)";
				SWIFT_EMIT_LOC_STRINGS = YES;
				SWIFT_VERSION = 5.0;
				TARGETED_DEVICE_FAMILY = "1,2";
			};
			name = Release;
		};
/* End XCBuildConfiguration section */

/* Begin XCConfigurationList section */
		975797DC2979CC7100A1B225 /* Build configuration list for PBXProject "MailTestTask" */ = {
			isa = XCConfigurationList;
			buildConfigurations = (
				975797F32979CC7200A1B225 /* Debug */,
				975797F42979CC7200A1B225 /* Release */,
			);
			defaultConfigurationIsVisible = 0;
			defaultConfigurationName = Release;
		};
		975797F52979CC7200A1B225 /* Build configuration list for PBXNativeTarget "MailTestTask" */ = {
			isa = XCConfigurationList;
			buildConfigurations = (
				975797F62979CC7200A1B225 /* Debug */,
				975797F72979CC7200A1B225 /* Release */,
			);
			defaultConfigurationIsVisible = 0;
			defaultConfigurationName = Release;
		};
/* End XCConfigurationList section */
	};
	rootObject = 975797D92979CC7100A1B225 /* Project object */;
}
